// !$*UTF8*$!
{
	archiveVersion = 1;
	classes = {
	};
	objectVersion = 46;
	objects = {

/* Begin PBXBuildFile section */
		5295B9E61E0FC3CD00E575FA /* AppDelegate.swift in Sources */ = {isa = PBXBuildFile; fileRef = 5295B9E51E0FC3CD00E575FA /* AppDelegate.swift */; };
		5295B9E81E0FC3CD00E575FA /* ViewController.swift in Sources */ = {isa = PBXBuildFile; fileRef = 5295B9E71E0FC3CD00E575FA /* ViewController.swift */; };
		5295B9EB1E0FC3CD00E575FA /* Main.storyboard in Resources */ = {isa = PBXBuildFile; fileRef = 5295B9E91E0FC3CD00E575FA /* Main.storyboard */; };
		5295B9ED1E0FC3CD00E575FA /* Assets.xcassets in Resources */ = {isa = PBXBuildFile; fileRef = 5295B9EC1E0FC3CD00E575FA /* Assets.xcassets */; };
		5295B9F01E0FC3CD00E575FA /* LaunchScreen.storyboard in Resources */ = {isa = PBXBuildFile; fileRef = 5295B9EE1E0FC3CD00E575FA /* LaunchScreen.storyboard */; };
/* End PBXBuildFile section */

/* Begin PBXFileReference section */
		5295B9E21E0FC3CD00E575FA /* Project1.app */ = {isa = PBXFileReference; explicitFileType = wrapper.application; includeInIndex = 0; path = Project1.app; sourceTree = BUILT_PRODUCTS_DIR; };
		5295B9E51E0FC3CD00E575FA /* AppDelegate.swift */ = {isa = PBXFileReference; lastKnownFileType = sourcecode.swift; path = AppDelegate.swift; sourceTree = "<group>"; };
		5295B9E71E0FC3CD00E575FA /* ViewController.swift */ = {isa = PBXFileReference; lastKnownFileType = sourcecode.swift; path = ViewController.swift; sourceTree = "<group>"; };
		5295B9EA1E0FC3CD00E575FA /* Base */ = {isa = PBXFileReference; lastKnownFileType = file.storyboard; name = Base; path = Base.lproj/Main.storyboard; sourceTree = "<group>"; };
		5295B9EC1E0FC3CD00E575FA /* Assets.xcassets */ = {isa = PBXFileReference; lastKnownFileType = folder.assetcatalog; path = Assets.xcassets; sourceTree = "<group>"; };
		5295B9EF1E0FC3CD00E575FA /* Base */ = {isa = PBXFileReference; lastKnownFileType = file.storyboard; name = Base; path = Base.lproj/LaunchScreen.storyboard; sourceTree = "<group>"; };
		5295B9F11E0FC3CD00E575FA /* Info.plist */ = {isa = PBXFileReference; lastKnownFileType = text.plist.xml; path = Info.plist; sourceTree = "<group>"; };
/* End PBXFileReference section */

/* Begin PBXFrameworksBuildPhase section */
		5295B9DF1E0FC3CD00E575FA /* Frameworks */ = {
			isa = PBXFrameworksBuildPhase;
			buildActionMask = 2147483647;
			files = (
			);
			runOnlyForDeploymentPostprocessing = 0;
		};
/* End PBXFrameworksBuildPhase section */

/* Begin PBXGroup section */
		5295B9D91E0FC3CD00E575FA = {
			isa = PBXGroup;
			children = (
				5295B9E41E0FC3CD00E575FA /* Project1 */,
				5295B9E31E0FC3CD00E575FA /* Products */,
			);
			sourceTree = "<group>";
		};
		5295B9E31E0FC3CD00E575FA /* Products */ = {
			isa = PBXGroup;
			children = (
				5295B9E21E0FC3CD00E575FA /* Project1.app */,
			);
			name = Products;
			sourceTree = "<group>";
		};
		5295B9E41E0FC3CD00E575FA /* Project1 */ = {
			isa = PBXGroup;
			children = (
				5295B9E51E0FC3CD00E575FA /* AppDelegate.swift */,
				5295B9E71E0FC3CD00E575FA /* ViewController.swift */,
				5295B9E91E0FC3CD00E575FA /* Main.storyboard */,
				5295B9EC1E0FC3CD00E575FA /* Assets.xcassets */,
				5295B9EE1E0FC3CD00E575FA /* LaunchScreen.storyboard */,
				5295B9F11E0FC3CD00E575FA /* Info.plist */,
			);
			path = Project1;
			sourceTree = "<group>";
		};
/* End PBXGroup section */

/* Begin PBXNativeTarget section */
		5295B9E11E0FC3CD00E575FA /* Project1 */ = {
			isa = PBXNativeTarget;
			buildConfigurationList = 5295B9F41E0FC3CD00E575FA /* Build configuration list for PBXNativeTarget "Project1" */;
			buildPhases = (
				5295B9DE1E0FC3CD00E575FA /* Sources */,
				5295B9DF1E0FC3CD00E575FA /* Frameworks */,
				5295B9E01E0FC3CD00E575FA /* Resources */,
			);
			buildRules = (
			);
			dependencies = (
			);
			name = Project1;
			productName = Project1;
			productReference = 5295B9E21E0FC3CD00E575FA /* Project1.app */;
			productType = "com.apple.product-type.application";
		};
/* End PBXNativeTarget section */

/* Begin PBXProject section */
		5295B9DA1E0FC3CD00E575FA /* Project object */ = {
			isa = PBXProject;
			attributes = {
				LastSwiftUpdateCheck = 0730;
				LastUpgradeCheck = 0730;
				ORGANIZATIONNAME = "Daksha Agarwal";
				TargetAttributes = {
					5295B9E11E0FC3CD00E575FA = {
						CreatedOnToolsVersion = 7.3.1;
					};
				};
			};
			buildConfigurationList = 5295B9DD1E0FC3CD00E575FA /* Build configuration list for PBXProject "Project1" */;
			compatibilityVersion = "Xcode 3.2";
			developmentRegion = English;
			hasScannedForEncodings = 0;
			knownRegions = (
				en,
				Base,
			);
			mainGroup = 5295B9D91E0FC3CD00E575FA;
			productRefGroup = 5295B9E31E0FC3CD00E575FA /* Products */;
			projectDirPath = "";
			projectRoot = "";
			targets = (
				5295B9E11E0FC3CD00E575FA /* Project1 */,
			);
		};
/* End PBXProject section */

/* Begin PBXResourcesBuildPhase section */
		5295B9E01E0FC3CD00E575FA /* Resources */ = {
			isa = PBXResourcesBuildPhase;
			buildActionMask = 2147483647;
			files = (
				5295B9F01E0FC3CD00E575FA /* LaunchScreen.storyboard in Resources */,
				5295B9ED1E0FC3CD00E575FA /* Assets.xcassets in Resources */,
				5295B9EB1E0FC3CD00E575FA /* Main.storyboard in Resources */,
			);
			runOnlyForDeploymentPostprocessing = 0;
		};
/* End PBXResourcesBuildPhase section */

/* Begin PBXSourcesBuildPhase section */
		5295B9DE1E0FC3CD00E575FA /* Sources */ = {
			isa = PBXSourcesBuildPhase;
			buildActionMask = 2147483647;
			files = (
				5295B9E81E0FC3CD00E575FA /* ViewController.swift in Sources */,
				5295B9E61E0FC3CD00E575FA /* AppDelegate.swift in Sources */,
			);
			runOnlyForDeploymentPostprocessing = 0;
		};
/* End PBXSourcesBuildPhase section */

/* Begin PBXVariantGroup section */
		5295B9E91E0FC3CD00E575FA /* Main.storyboard */ = {
			isa = PBXVariantGroup;
			children = (
				5295B9EA1E0FC3CD00E575FA /* Base */,
			);
			name = Main.storyboard;
			sourceTree = "<group>";
		};
		5295B9EE1E0FC3CD00E575FA /* LaunchScreen.storyboard */ = {
			isa = PBXVariantGroup;
			children = (
				5295B9EF1E0FC3CD00E575FA /* Base */,
			);
			name = LaunchScreen.storyboard;
			sourceTree = "<group>";
		};
/* End PBXVariantGroup section */

/* Begin XCBuildConfiguration section */
		5295B9F21E0FC3CD00E575FA /* Debug */ = {
			isa = XCBuildConfiguration;
			buildSettings = {
				ALWAYS_SEARCH_USER_PATHS = NO;
				CLANG_ANALYZER_NONNULL = YES;
				CLANG_CXX_LANGUAGE_STANDARD = "gnu++0x";
				CLANG_CXX_LIBRARY = "libc++";
				CLANG_ENABLE_MODULES = YES;
				CLANG_ENABLE_OBJC_ARC = YES;
				CLANG_WARN_BOOL_CONVERSION = YES;
				CLANG_WARN_CONSTANT_CONVERSION = YES;
				CLANG_WARN_DIRECT_OBJC_ISA_USAGE = YES_ERROR;
				CLANG_WARN_EMPTY_BODY = YES;
				CLANG_WARN_ENUM_CONVERSION = YES;
				CLANG_WARN_INT_CONVERSION = YES;
				CLANG_WARN_OBJC_ROOT_CLASS = YES_ERROR;
				CLANG_WARN_UNREACHABLE_CODE = YES;
				CLANG_WARN__DUPLICATE_METHOD_MATCH = YES;
				"CODE_SIGN_IDENTITY[sdk=iphoneos*]" = "iPhone Developer";
				COPY_PHASE_STRIP = NO;
				DEBUG_INFORMATION_FORMAT = dwarf;
				ENABLE_STRICT_OBJC_MSGSEND = YES;
				ENABLE_TESTABILITY = YES;
				GCC_C_LANGUAGE_STANDARD = gnu99;
				GCC_DYNAMIC_NO_PIC = NO;
				GCC_NO_COMMON_BLOCKS = YES;
				GCC_OPTIMIZATION_LEVEL = 0;
				GCC_PREPROCESSOR_DEFINITIONS = (
					"DEBUG=1",
					"$(inherited)",
				);
				GCC_WARN_64_TO_32_BIT_CONVERSION = YES;
				GCC_WARN_ABOUT_RETURN_TYPE = YES_ERROR;
				GCC_WARN_UNDECLARED_SELECTOR = YES;
				GCC_WARN_UNINITIALIZED_AUTOS = YES_AGGRESSIVE;
				GCC_WARN_UNUSED_FUNCTION = YES;
				GCC_WARN_UNUSED_VARIABLE = YES;
				IPHONEOS_DEPLOYMENT_TARGET = 9.3;
				MTL_ENABLE_DEBUG_INFO = YES;
				ONLY_ACTIVE_ARCH = YES;
				SDKROOT = iphoneos;
				SWIFT_OPTIMIZATION_LEVEL = "-Onone";
				TARGETED_DEVICE_FAMILY = "1,2";
			};
			name = Debug;
		};
		5295B9F31E0FC3CD00E575FA /* Release */ = {
			isa = XCBuildConfiguration;
			buildSettings = {
				ALWAYS_SEARCH_USER_PATHS = NO;
				CLANG_ANALYZER_NONNULL = YES;
				CLANG_CXX_LANGUAGE_STANDARD = "gnu++0x";
				CLANG_CXX_LIBRARY = "libc++";
				CLANG_ENABLE_MODULES = YES;
				CLANG_ENABLE_OBJC_ARC = YES;
				CLANG_WARN_BOOL_CONVERSION = YES;
				CLANG_WARN_CONSTANT_CONVERSION = YES;
				CLANG_WARN_DIRECT_OBJC_ISA_USAGE = YES_ERROR;
				CLANG_WARN_EMPTY_BODY = YES;
				CLANG_WARN_ENUM_CONVERSION = YES;
				CLANG_WARN_INT_CONVERSION = YES;
				CLANG_WARN_OBJC_ROOT_CLASS = YES_ERROR;
				CLANG_WARN_UNREACHABLE_CODE = YES;
				CLANG_WARN__DUPLICATE_METHOD_MATCH = YES;
				"CODE_SIGN_IDENTITY[sdk=iphoneos*]" = "iPhone Developer";
				COPY_PHASE_STRIP = NO;
				DEBUG_INFORMATION_FORMAT = "dwarf-with-dsym";
				ENABLE_NS_ASSERTIONS = NO;
				ENABLE_STRICT_OBJC_MSGSEND = YES;
				GCC_C_LANGUAGE_STANDARD = gnu99;
				GCC_NO_COMMON_BLOCKS = YES;
				GCC_WARN_64_TO_32_BIT_CONVERSION = YES;
				GCC_WARN_ABOUT_RETURN_TYPE = YES_ERROR;
				GCC_WARN_UNDECLARED_SELECTOR = YES;
				GCC_WARN_UNINITIALIZED_AUTOS = YES_AGGRESSIVE;
				GCC_WARN_UNUSED_FUNCTION = YES;
				GCC_WARN_UNUSED_VARIABLE = YES;
				IPHONEOS_DEPLOYMENT_TARGET = 9.3;
				MTL_ENABLE_DEBUG_INFO = NO;
				SDKROOT = iphoneos;
				TARGETED_DEVICE_FAMILY = "1,2";
				VALIDATE_PRODUCT = YES;
			};
			name = Release;
		};
		5295B9F51E0FC3CD00E575FA /* Debug */ = {
			isa = XCBuildConfiguration;
			buildSettings = {
				ASSETCATALOG_COMPILER_APPICON_NAME = AppIcon;
				INFOPLIST_FILE = Project1/Info.plist;
				LD_RUNPATH_SEARCH_PATHS = "$(inherited) @executable_path/Frameworks";
				PRODUCT_BUNDLE_IDENTIFIER = com.hmc.Project1;
				PRODUCT_NAME = "$(TARGET_NAME)";
			};
			name = Debug;
		};
		5295B9F61E0FC3CD00E575FA /* Release */ = {
			isa = XCBuildConfiguration;
			buildSettings = {
				ASSETCATALOG_COMPILER_APPICON_NAME = AppIcon;
				INFOPLIST_FILE = Project1/Info.plist;
				LD_RUNPATH_SEARCH_PATHS = "$(inherited) @executable_path/Frameworks";
				PRODUCT_BUNDLE_IDENTIFIER = com.hmc.Project1;
				PRODUCT_NAME = "$(TARGET_NAME)";
			};
			name = Release;
		};
/* End XCBuildConfiguration section */

/* Begin XCConfigurationList section */
		5295B9DD1E0FC3CD00E575FA /* Build configuration list for PBXProject "Project1" */ = {
			isa = XCConfigurationList;
			buildConfigurations = (
				5295B9F21E0FC3CD00E575FA /* Debug */,
				5295B9F31E0FC3CD00E575FA /* Release */,
			);
			defaultConfigurationIsVisible = 0;
			defaultConfigurationName = Release;
		};
		5295B9F41E0FC3CD00E575FA /* Build configuration list for PBXNativeTarget "Project1" */ = {
			isa = XCConfigurationList;
			buildConfigurations = (
				5295B9F51E0FC3CD00E575FA /* Debug */,
				5295B9F61E0FC3CD00E575FA /* Release */,
			);
			defaultConfigurationIsVisible = 0;
		};
/* End XCConfigurationList section */
	};
	rootObject = 5295B9DA1E0FC3CD00E575FA /* Project object */;
}
